
Microsoft Visual Studio Solution File, Format Version 12.00
# Visual Studio Version 16
VisualStudioVersion = 16.0.30406.217
MinimumVisualStudioVersion = 10.0.40219.1
Project("{9A19103F-16F7-4668-BE54-9A1E7A4F7556}") = "PocRandD", "PocRandD\PocRandD.csproj", "{C63E9D84-19ED-45D6-8BDB-B2A865362CDF}"
EndProject
Project("{2150E333-8FDC-42A3-9474-1A3956D46DE8}") = "Test", "Test", "{C88744BE-37F6-44AC-9FA2-E49B6BB3EB96}"
EndProject
Project("{9A19103F-16F7-4668-BE54-9A1E7A4F7556}") = "PocRandD.SeleniumTest", "PocRandD.SeleniumTest\PocRandD.SeleniumTest.csproj", "{A64B01E7-6EF7-4482-B9B2-ABD841EB8FD1}"
EndProject
Global
	GlobalSection(SolutionConfigurationPlatforms) = preSolution
		Debug|Any CPU = Debug|Any CPU
		Release|Any CPU = Release|Any CPU
	EndGlobalSection
	GlobalSection(ProjectConfigurationPlatforms) = postSolution
		{C63E9D84-19ED-45D6-8BDB-B2A865362CDF}.Debug|Any CPU.ActiveCfg = Debug|Any CPU
		{C63E9D84-19ED-45D6-8BDB-B2A865362CDF}.Debug|Any CPU.Build.0 = Debug|Any CPU
		{C63E9D84-19ED-45D6-8BDB-B2A865362CDF}.Release|Any CPU.ActiveCfg = Release|Any CPU
		{C63E9D84-19ED-45D6-8BDB-B2A865362CDF}.Release|Any CPU.Build.0 = Release|Any CPU
		{A64B01E7-6EF7-4482-B9B2-ABD841EB8FD1}.Debug|Any CPU.ActiveCfg = Debug|Any CPU
		{A64B01E7-6EF7-4482-B9B2-ABD841EB8FD1}.Debug|Any CPU.Build.0 = Debug|Any CPU
		{A64B01E7-6EF7-4482-B9B2-ABD841EB8FD1}.Release|Any CPU.ActiveCfg = Release|Any CPU
		{A64B01E7-6EF7-4482-B9B2-ABD841EB8FD1}.Release|Any CPU.Build.0 = Release|Any CPU
	EndGlobalSection
	GlobalSection(SolutionProperties) = preSolution
		HideSolutionNode = FALSE
	EndGlobalSection
	GlobalSection(NestedProjects) = preSolution
		{A64B01E7-6EF7-4482-B9B2-ABD841EB8FD1} = {C88744BE-37F6-44AC-9FA2-E49B6BB3EB96}
	EndGlobalSection
	GlobalSection(ExtensibilityGlobals) = postSolution
		SolutionGuid = {F84B658A-D934-448B-9A5C-DA59F3DEC4F0}
	EndGlobalSection
EndGlobal
